
Microsoft Visual Studio Solution File, Format Version 12.00
# Visual Studio Version 17
VisualStudioVersion = 17.14.36327.8 d17.14
MinimumVisualStudioVersion = 10.0.40219.1
Project("{FAE04EC0-301F-11D3-BF4B-00C04F79EFBC}") = "SecretariaEnsino.API", "SecretariaEnsino.API\SecretariaEnsino.API.csproj", "{5AADAD39-D342-4E8E-B067-79345D4F7F3F}"
EndProject
Project("{2150E333-8FDC-42A3-9474-1A3956D46DE8}") = "src", "src", "{02EA681E-C7D8-13C7-8484-4AC65E1B71E8}"
EndProject
Project("{2150E333-8FDC-42A3-9474-1A3956D46DE8}") = "SecretariaEnsino.API", "SecretariaEnsino.API", "{3DF8F1E4-C631-4B3E-B753-E34223DA061C}"
EndProject
Project("{FAE04EC0-301F-11D3-BF4B-00C04F79EFBC}") = "SecretariaEnsino.Domain", "SecretariaEnsino.Domain\SecretariaEnsino.Domain.csproj", "{3CFC1DA6-210C-413A-A605-EFBBCB664367}"
EndProject
Project("{FAE04EC0-301F-11D3-BF4B-00C04F79EFBC}") = "SecretariaEnsino.App", "SecretariaEnsino.App\SecretariaEnsino.App.csproj", "{375F8106-16A3-4956-AAD6-B677D7BAABE9}"
EndProject
Project("{FAE04EC0-301F-11D3-BF4B-00C04F79EFBC}") = "SecretariaEnsino.Infra", "SecretariaEnsino.Infra\SecretariaEnsino.Infra.csproj", "{A113ADDB-984D-49E8-BD3B-13A5FE31DB52}"
EndProject
Global
	GlobalSection(SolutionConfigurationPlatforms) = preSolution
		Debug|Any CPU = Debug|Any CPU
		Release|Any CPU = Release|Any CPU
	EndGlobalSection
	GlobalSection(ProjectConfigurationPlatforms) = postSolution
		{5AADAD39-D342-4E8E-B067-79345D4F7F3F}.Debug|Any CPU.ActiveCfg = Debug|Any CPU
		{5AADAD39-D342-4E8E-B067-79345D4F7F3F}.Debug|Any CPU.Build.0 = Debug|Any CPU
		{5AADAD39-D342-4E8E-B067-79345D4F7F3F}.Release|Any CPU.ActiveCfg = Release|Any CPU
		{5AADAD39-D342-4E8E-B067-79345D4F7F3F}.Release|Any CPU.Build.0 = Release|Any CPU
		{3CFC1DA6-210C-413A-A605-EFBBCB664367}.Debug|Any CPU.ActiveCfg = Debug|Any CPU
		{3CFC1DA6-210C-413A-A605-EFBBCB664367}.Debug|Any CPU.Build.0 = Debug|Any CPU
		{3CFC1DA6-210C-413A-A605-EFBBCB664367}.Release|Any CPU.ActiveCfg = Release|Any CPU
		{3CFC1DA6-210C-413A-A605-EFBBCB664367}.Release|Any CPU.Build.0 = Release|Any CPU
		{375F8106-16A3-4956-AAD6-B677D7BAABE9}.Debug|Any CPU.ActiveCfg = Debug|Any CPU
		{375F8106-16A3-4956-AAD6-B677D7BAABE9}.Debug|Any CPU.Build.0 = Debug|Any CPU
		{375F8106-16A3-4956-AAD6-B677D7BAABE9}.Release|Any CPU.ActiveCfg = Release|Any CPU
		{375F8106-16A3-4956-AAD6-B677D7BAABE9}.Release|Any CPU.Build.0 = Release|Any CPU
		{A113ADDB-984D-49E8-BD3B-13A5FE31DB52}.Debug|Any CPU.ActiveCfg = Debug|Any CPU
		{A113ADDB-984D-49E8-BD3B-13A5FE31DB52}.Debug|Any CPU.Build.0 = Debug|Any CPU
		{A113ADDB-984D-49E8-BD3B-13A5FE31DB52}.Release|Any CPU.ActiveCfg = Release|Any CPU
		{A113ADDB-984D-49E8-BD3B-13A5FE31DB52}.Release|Any CPU.Build.0 = Release|Any CPU
	EndGlobalSection
	GlobalSection(SolutionProperties) = preSolution
		HideSolutionNode = FALSE
	EndGlobalSection
	GlobalSection(NestedProjects) = preSolution
		{5AADAD39-D342-4E8E-B067-79345D4F7F3F} = {3DF8F1E4-C631-4B3E-B753-E34223DA061C}
		{3DF8F1E4-C631-4B3E-B753-E34223DA061C} = {02EA681E-C7D8-13C7-8484-4AC65E1B71E8}
		{3CFC1DA6-210C-413A-A605-EFBBCB664367} = {3DF8F1E4-C631-4B3E-B753-E34223DA061C}
		{375F8106-16A3-4956-AAD6-B677D7BAABE9} = {3DF8F1E4-C631-4B3E-B753-E34223DA061C}
		{A113ADDB-984D-49E8-BD3B-13A5FE31DB52} = {3DF8F1E4-C631-4B3E-B753-E34223DA061C}
	EndGlobalSection
	GlobalSection(ExtensibilityGlobals) = postSolution
		SolutionGuid = {2616A130-41D4-4744-8FCE-CD99BB42494B}
	EndGlobalSection
EndGlobal
